<?xml version="1.0" encoding="utf-8"?>
<Project ToolsVersion="4.0" xmlns="http://schemas.microsoft.com/developer/msbuild/2003">
  <ItemGroup>
    <Filter Include="Source Files">
      <UniqueIdentifier>{4FC737F1-C7A5-4376-A066-2A32D752A2FF}</UniqueIdentifier>
      <Extensions>cpp;c;cc;cxx;c++;cppm;ixx;def;odl;idl;hpj;bat;asm;asmx</Extensions>
    </Filter>
    <Filter Include="Header Files">
      <UniqueIdentifier>{93995380-89BD-4b04-88EB-625FBE52EBFB}</UniqueIdentifier>
      <Extensions>h;hh;hpp;hxx;h++;hm;inl;inc;ipp;xsd</Extensions>
    </Filter>
    <Filter Include="Resource Files">
      <UniqueIdentifier>{67DA6AB6-F800-4c08-8B7A-83BB121AAD01}</UniqueIdentifier>
      <Extensions>rc;ico;cur;bmp;dlg;rc2;rct;bin;rgs;gif;jpg;jpeg;jpe;resx;tiff;tif;png;wav;mfcribbon-ms</Extensions>
    </Filter>
  </ItemGroup>
  <ItemGroup>
    <ClCompile Include="source\main.cpp">
      <Filter>Source Files</Filter>
    </ClCompile>
    <ClCompile Include="source\application.cpp">
      <Filter>Source Files</Filter>
    </ClCompile>
    <ClCompile Include="source\window.cpp">
      <Filter>Source Files</Filter>
    </ClCompile>
    <ClCompile Include="source\rendering\device.cpp">
      <Filter>Source Files</Filter>
    </ClCompile>
    <ClCompile Include="source\rendering\descriptor_heap.cpp">
      <Filter>Source Files</Filter>
    </ClCompile>
    <ClCompile Include="source\rendering\swap_chain.cpp">
      <Filter>Source Files</Filter>
    </ClCompile>
    <ClCompile Include="source\rendering\command_queue.cpp">
      <Filter>Source Files</Filter>
    </ClCompile>
    <ClCompile Include="source\pch.cpp">
      <Filter>Source Files</Filter>
    </ClCompile>
    <ClCompile Include="source\rendering\fence.cpp">
      <Filter>Source Files</Filter>
    </ClCompile>
    <ClCompile Include="source\rendering\command_list.cpp">
      <Filter>Source Files</Filter>
    </ClCompile>
    <ClCompile Include="source\rendering\upload_buffer.cpp">
      <Filter>Source Files</Filter>
    </ClCompile>
    <ClCompile Include="source\rendering\dynamic_descriptor_heap.cpp">
      <Filter>Source Files</Filter>
    </ClCompile>
    <ClCompile Include="source\rendering\resource.cpp">
      <Filter>Source Files</Filter>
    </ClCompile>
    <ClCompile Include="source\rendering\resource_state_tracker.cpp">
      <Filter>Source Files</Filter>
    </ClCompile>
    <ClCompile Include="source\rendering\buffer.cpp">
      <Filter>Source Files</Filter>
    </ClCompile>
    <ClCompile Include="source\rendering\root_signature.cpp">
      <Filter>Source Files</Filter>
    </ClCompile>
    <ClCompile Include="source\rendering\pipeline_state_object.cpp">
      <Filter>Source Files</Filter>
    </ClCompile>
    <ClCompile Include="source\rendering\adapter.cpp">
      <Filter>Source Files</Filter>
    </ClCompile>
    <ClCompile Include="source\renderer.cpp">
      <Filter>Source Files</Filter>
    </ClCompile>
    <ClCompile Include="source\rendering\render_target.cpp">
      <Filter>Source Files</Filter>
    </ClCompile>
    <ClCompile Include="source\rendering\index_buffer.cpp">
      <Filter>Source Files</Filter>
    </ClCompile>
    <ClCompile Include="source\rendering\vertex_buffer.cpp">
      <Filter>Source Files</Filter>
    </ClCompile>
    <ClCompile Include="source\rendering\constant_buffer.cpp">
      <Filter>Source Files</Filter>
    </ClCompile>
    <ClCompile Include="source\rendering\mesh.cpp">
      <Filter>Source Files</Filter>
    </ClCompile>
    <ClCompile Include="source\rendering\model.cpp">
      <Filter>Source Files</Filter>
    </ClCompile>
    <ClCompile Include="source\rendering\texture.cpp">
      <Filter>Source Files</Filter>
    </ClCompile>
    <ClCompile Include="source\rendering\render_components.cpp">
      <Filter>Source Files</Filter>
    </ClCompile>
    <ClCompile Include="source\interface.cpp">
      <Filter>Source Files</Filter>
    </ClCompile>
    <ClCompile Include="external\imgui\imgui_demo.cpp">
      <Filter>Source Files</Filter>
    </ClCompile>
    <ClCompile Include="external\imgui\imgui_draw.cpp">
      <Filter>Source Files</Filter>
    </ClCompile>
    <ClCompile Include="external\imgui\imgui_tables.cpp">
      <Filter>Source Files</Filter>
    </ClCompile>
    <ClCompile Include="external\imgui\imgui_widgets.cpp">
      <Filter>Source Files</Filter>
    </ClCompile>
    <ClCompile Include="external\imgui\imgui.cpp">
      <Filter>Source Files</Filter>
    </ClCompile>
    <ClCompile Include="external\imgui\backends\imgui_impl_dx12.cpp">
      <Filter>Source Files</Filter>
    </ClCompile>
    <ClCompile Include="external\imgui\backends\imgui_impl_win32.cpp">
      <Filter>Source Files</Filter>
    </ClCompile>
    <ClCompile Include="external\d3d12ma\D3D12MemAlloc.cpp">
      <Filter>Source Files</Filter>
    </ClCompile>
  </ItemGroup>
  <ItemGroup>
    <ClInclude Include="include\application.hpp">
      <Filter>Header Files</Filter>
    </ClInclude>
    <ClInclude Include="include\window.hpp">
      <Filter>Header Files</Filter>
    </ClInclude>
    <ClInclude Include="include\log.hpp">
      <Filter>Header Files</Filter>
    </ClInclude>
    <ClInclude Include="include\rendering\device.hpp">
      <Filter>Header Files</Filter>
    </ClInclude>
    <ClInclude Include="include\rendering\descriptor_heap.hpp">
      <Filter>Header Files</Filter>
    </ClInclude>
    <ClInclude Include="include\rendering\swap_chain.hpp">
      <Filter>Header Files</Filter>
    </ClInclude>
    <ClInclude Include="include\rendering\command_queue.hpp">
      <Filter>Header Files</Filter>
    </ClInclude>
    <ClInclude Include="include\pch.hpp">
      <Filter>Header Files</Filter>
    </ClInclude>
    <ClInclude Include="include\rendering\fence.hpp">
      <Filter>Header Files</Filter>
    </ClInclude>
    <ClInclude Include="include\rendering\command_list.hpp">
      <Filter>Header Files</Filter>
    </ClInclude>
    <ClInclude Include="include\rendering\upload_buffer.hpp">
      <Filter>Header Files</Filter>
    </ClInclude>
    <ClInclude Include="include\rendering\dynamic_descriptor_heap.hpp">
      <Filter>Header Files</Filter>
    </ClInclude>
    <ClInclude Include="include\rendering\resource.hpp">
      <Filter>Header Files</Filter>
    </ClInclude>
    <ClInclude Include="include\rendering\resource_state_tracker.hpp">
      <Filter>Header Files</Filter>
    </ClInclude>
    <ClInclude Include="include\rendering\buffer.hpp">
      <Filter>Header Files</Filter>
    </ClInclude>
    <ClInclude Include="include\rendering\root_signature.hpp">
      <Filter>Header Files</Filter>
    </ClInclude>
    <ClInclude Include="include\util\math.hpp">
      <Filter>Header Files</Filter>
    </ClInclude>
    <ClInclude Include="include\rendering\pipeline_state_object.hpp">
      <Filter>Header Files</Filter>
    </ClInclude>
    <ClInclude Include="include\rendering\adapter.hpp">
      <Filter>Header Files</Filter>
    </ClInclude>
    <ClInclude Include="include\renderer.hpp">
      <Filter>Header Files</Filter>
    </ClInclude>
    <ClInclude Include="include\rendering\render_target.hpp">
      <Filter>Header Files</Filter>
    </ClInclude>
    <ClInclude Include="include\rendering\index_buffer.hpp">
      <Filter>Header Files</Filter>
    </ClInclude>
    <ClInclude Include="include\rendering\vertex_buffer.hpp">
      <Filter>Header Files</Filter>
    </ClInclude>
    <ClInclude Include="include\rendering\constant_buffer.hpp">
      <Filter>Header Files</Filter>
    </ClInclude>
    <ClInclude Include="include\rendering\mesh.hpp">
      <Filter>Header Files</Filter>
    </ClInclude>
    <ClInclude Include="include\rendering\model.hpp">
      <Filter>Header Files</Filter>
    </ClInclude>
    <ClInclude Include="include\rendering\texture.hpp">
      <Filter>Header Files</Filter>
    </ClInclude>
    <ClInclude Include="include\rendering\render_components.hpp">
      <Filter>Header Files</Filter>
    </ClInclude>
    <ClInclude Include="include\interface.hpp">
      <Filter>Header Files</Filter>
    </ClInclude>
  </ItemGroup>
</Project>